PODS:
  - Alamofire (4.9.1)
  - AlamofireImage (3.6.0):
    - Alamofire (~> 4.9)
  - PKHUD (5.3.0)
  - Result (5.0.0)

DEPENDENCIES:
  - Alamofire
  - AlamofireImage
  - PKHUD
  - Result

SPEC REPOS:
  https://github.com/cocoapods/specs.git:
    - Alamofire
    - AlamofireImage
    - PKHUD
    - Result

SPEC CHECKSUMS:
  Alamofire: 85e8a02c69d6020a0d734f6054870d7ecb75cf18
  AlamofireImage: be9963c6582d68b39e89191f64c82a7d7bf40fdd
  PKHUD: 98f3e4bc904b9c916f1c5bb6d765365b5357291b
  Result: ed341d2f236af425b803e690e9bd8fd0a0cb7c5a

PODFILE CHECKSUM: f325545b0a06620488714c00f8b9b104f6cb3c23

COCOAPODS: 1.7.2
