// !$*UTF8*$!
{
	archiveVersion = 1;
	classes = {
	};
	objectVersion = 50;
	objects = {

/* Begin PBXBuildFile section */
		D5BCC1C62374982600CCD229 /* AppDelegate.swift in Sources */ = {isa = PBXBuildFile; fileRef = D5BCC1C52374982600CCD229 /* AppDelegate.swift */; };
		D5BCC1C82374982600CCD229 /* SceneDelegate.swift in Sources */ = {isa = PBXBuildFile; fileRef = D5BCC1C72374982600CCD229 /* SceneDelegate.swift */; };
		D5BCC1CA2374982600CCD229 /* ViewController.swift in Sources */ = {isa = PBXBuildFile; fileRef = D5BCC1C92374982600CCD229 /* ViewController.swift */; };
		D5BCC1CD2374982600CCD229 /* Main.storyboard in Resources */ = {isa = PBXBuildFile; fileRef = D5BCC1CB2374982600CCD229 /* Main.storyboard */; };
		D5BCC1CF2374982800CCD229 /* Assets.xcassets in Resources */ = {isa = PBXBuildFile; fileRef = D5BCC1CE2374982800CCD229 /* Assets.xcassets */; };
		D5BCC1D22374982800CCD229 /* LaunchScreen.storyboard in Resources */ = {isa = PBXBuildFile; fileRef = D5BCC1D02374982800CCD229 /* LaunchScreen.storyboard */; };
		D5BCC1DD2374982800CCD229 /* SkyEngTestTests.swift in Sources */ = {isa = PBXBuildFile; fileRef = D5BCC1DC2374982800CCD229 /* SkyEngTestTests.swift */; };
/* End PBXBuildFile section */

/* Begin PBXContainerItemProxy section */
		D5BCC1D92374982800CCD229 /* PBXContainerItemProxy */ = {
			isa = PBXContainerItemProxy;
			containerPortal = D5BCC1BA2374982600CCD229 /* Project object */;
			proxyType = 1;
			remoteGlobalIDString = D5BCC1C12374982600CCD229;
			remoteInfo = SkyEngTest;
		};
/* End PBXContainerItemProxy section */

/* Begin PBXFileReference section */
		D5BCC1C22374982600CCD229 /* SkyEngTest.app */ = {isa = PBXFileReference; explicitFileType = wrapper.application; includeInIndex = 0; path = SkyEngTest.app; sourceTree = BUILT_PRODUCTS_DIR; };
		D5BCC1C52374982600CCD229 /* AppDelegate.swift */ = {isa = PBXFileReference; lastKnownFileType = sourcecode.swift; path = AppDelegate.swift; sourceTree = "<group>"; };
		D5BCC1C72374982600CCD229 /* SceneDelegate.swift */ = {isa = PBXFileReference; lastKnownFileType = sourcecode.swift; path = SceneDelegate.swift; sourceTree = "<group>"; };
		D5BCC1C92374982600CCD229 /* ViewController.swift */ = {isa = PBXFileReference; lastKnownFileType = sourcecode.swift; path = ViewController.swift; sourceTree = "<group>"; };
		D5BCC1CC2374982600CCD229 /* Base */ = {isa = PBXFileReference; lastKnownFileType = file.storyboard; name = Base; path = Base.lproj/Main.storyboard; sourceTree = "<group>"; };
		D5BCC1CE2374982800CCD229 /* Assets.xcassets */ = {isa = PBXFileReference; lastKnownFileType = folder.assetcatalog; path = Assets.xcassets; sourceTree = "<group>"; };
		D5BCC1D12374982800CCD229 /* Base */ = {isa = PBXFileReference; lastKnownFileType = file.storyboard; name = Base; path = Base.lproj/LaunchScreen.storyboard; sourceTree = "<group>"; };
		D5BCC1D32374982800CCD229 /* Info.plist */ = {isa = PBXFileReference; lastKnownFileType = text.plist.xml; path = Info.plist; sourceTree = "<group>"; };
		D5BCC1D82374982800CCD229 /* SkyEngTestTests.xctest */ = {isa = PBXFileReference; explicitFileType = wrapper.cfbundle; includeInIndex = 0; path = SkyEngTestTests.xctest; sourceTree = BUILT_PRODUCTS_DIR; };
		D5BCC1DC2374982800CCD229 /* SkyEngTestTests.swift */ = {isa = PBXFileReference; lastKnownFileType = sourcecode.swift; path = SkyEngTestTests.swift; sourceTree = "<group>"; };
		D5BCC1DE2374982800CCD229 /* Info.plist */ = {isa = PBXFileReference; lastKnownFileType = text.plist.xml; path = Info.plist; sourceTree = "<group>"; };
/* End PBXFileReference section */

/* Begin PBXFrameworksBuildPhase section */
		D5BCC1BF2374982600CCD229 /* Frameworks */ = {
			isa = PBXFrameworksBuildPhase;
			buildActionMask = 2147483647;
			files = (
			);
			runOnlyForDeploymentPostprocessing = 0;
		};
		D5BCC1D52374982800CCD229 /* Frameworks */ = {
			isa = PBXFrameworksBuildPhase;
			buildActionMask = 2147483647;
			files = (
			);
			runOnlyForDeploymentPostprocessing = 0;
		};
/* End PBXFrameworksBuildPhase section */

/* Begin PBXGroup section */
		D5BCC1B92374982600CCD229 = {
			isa = PBXGroup;
			children = (
				D5BCC1C42374982600CCD229 /* SkyEngTest */,
				D5BCC1DB2374982800CCD229 /* SkyEngTestTests */,
				D5BCC1C32374982600CCD229 /* Products */,
			);
			sourceTree = "<group>";
		};
		D5BCC1C32374982600CCD229 /* Products */ = {
			isa = PBXGroup;
			children = (
				D5BCC1C22374982600CCD229 /* SkyEngTest.app */,
				D5BCC1D82374982800CCD229 /* SkyEngTestTests.xctest */,
			);
			name = Products;
			sourceTree = "<group>";
		};
		D5BCC1C42374982600CCD229 /* SkyEngTest */ = {
			isa = PBXGroup;
			children = (
				D5BCC1C52374982600CCD229 /* AppDelegate.swift */,
				D5BCC1C72374982600CCD229 /* SceneDelegate.swift */,
				D5BCC1C92374982600CCD229 /* ViewController.swift */,
				D5BCC1CB2374982600CCD229 /* Main.storyboard */,
				D5BCC1CE2374982800CCD229 /* Assets.xcassets */,
				D5BCC1D02374982800CCD229 /* LaunchScreen.storyboard */,
				D5BCC1D32374982800CCD229 /* Info.plist */,
			);
			path = SkyEngTest;
			sourceTree = "<group>";
		};
		D5BCC1DB2374982800CCD229 /* SkyEngTestTests */ = {
			isa = PBXGroup;
			children = (
				D5BCC1DC2374982800CCD229 /* SkyEngTestTests.swift */,
				D5BCC1DE2374982800CCD229 /* Info.plist */,
			);
			path = SkyEngTestTests;
			sourceTree = "<group>";
		};
/* End PBXGroup section */

/* Begin PBXNativeTarget section */
		D5BCC1C12374982600CCD229 /* SkyEngTest */ = {
			isa = PBXNativeTarget;
			buildConfigurationList = D5BCC1E12374982800CCD229 /* Build configuration list for PBXNativeTarget "SkyEngTest" */;
			buildPhases = (
				D5BCC1BE2374982600CCD229 /* Sources */,
				D5BCC1BF2374982600CCD229 /* Frameworks */,
				D5BCC1C02374982600CCD229 /* Resources */,
			);
			buildRules = (
			);
			dependencies = (
			);
			name = SkyEngTest;
			productName = SkyEngTest;
			productReference = D5BCC1C22374982600CCD229 /* SkyEngTest.app */;
			productType = "com.apple.product-type.application";
		};
		D5BCC1D72374982800CCD229 /* SkyEngTestTests */ = {
			isa = PBXNativeTarget;
			buildConfigurationList = D5BCC1E42374982800CCD229 /* Build configuration list for PBXNativeTarget "SkyEngTestTests" */;
			buildPhases = (
				D5BCC1D42374982800CCD229 /* Sources */,
				D5BCC1D52374982800CCD229 /* Frameworks */,
				D5BCC1D62374982800CCD229 /* Resources */,
			);
			buildRules = (
			);
			dependencies = (
				D5BCC1DA2374982800CCD229 /* PBXTargetDependency */,
			);
			name = SkyEngTestTests;
			productName = SkyEngTestTests;
			productReference = D5BCC1D82374982800CCD229 /* SkyEngTestTests.xctest */;
			productType = "com.apple.product-type.bundle.unit-test";
		};
/* End PBXNativeTarget section */

/* Begin PBXProject section */
		D5BCC1BA2374982600CCD229 /* Project object */ = {
			isa = PBXProject;
			attributes = {
				LastSwiftUpdateCheck = 1110;
				LastUpgradeCheck = 1110;
				ORGANIZATIONNAME = spacedema;
				TargetAttributes = {
					D5BCC1C12374982600CCD229 = {
						CreatedOnToolsVersion = 11.1;
					};
					D5BCC1D72374982800CCD229 = {
						CreatedOnToolsVersion = 11.1;
						TestTargetID = D5BCC1C12374982600CCD229;
					};
				};
			};
			buildConfigurationList = D5BCC1BD2374982600CCD229 /* Build configuration list for PBXProject "SkyEngTest" */;
			compatibilityVersion = "Xcode 9.3";
			developmentRegion = en;
			hasScannedForEncodings = 0;
			knownRegions = (
				en,
				Base,
			);
			mainGroup = D5BCC1B92374982600CCD229;
			productRefGroup = D5BCC1C32374982600CCD229 /* Products */;
			projectDirPath = "";
			projectRoot = "";
			targets = (
				D5BCC1C12374982600CCD229 /* SkyEngTest */,
				D5BCC1D72374982800CCD229 /* SkyEngTestTests */,
			);
		};
/* End PBXProject section */

/* Begin PBXResourcesBuildPhase section */
		D5BCC1C02374982600CCD229 /* Resources */ = {
			isa = PBXResourcesBuildPhase;
			buildActionMask = 2147483647;
			files = (
				D5BCC1D22374982800CCD229 /* LaunchScreen.storyboard in Resources */,
				D5BCC1CF2374982800CCD229 /* Assets.xcassets in Resources */,
				D5BCC1CD2374982600CCD229 /* Main.storyboard in Resources */,
			);
			runOnlyForDeploymentPostprocessing = 0;
		};
		D5BCC1D62374982800CCD229 /* Resources */ = {
			isa = PBXResourcesBuildPhase;
			buildActionMask = 2147483647;
			files = (
			);
			runOnlyForDeploymentPostprocessing = 0;
		};
/* End PBXResourcesBuildPhase section */

/* Begin PBXSourcesBuildPhase section */
		D5BCC1BE2374982600CCD229 /* Sources */ = {
			isa = PBXSourcesBuildPhase;
			buildActionMask = 2147483647;
			files = (
				D5BCC1CA2374982600CCD229 /* ViewController.swift in Sources */,
				D5BCC1C62374982600CCD229 /* AppDelegate.swift in Sources */,
				D5BCC1C82374982600CCD229 /* SceneDelegate.swift in Sources */,
			);
			runOnlyForDeploymentPostprocessing = 0;
		};
		D5BCC1D42374982800CCD229 /* Sources */ = {
			isa = PBXSourcesBuildPhase;
			buildActionMask = 2147483647;
			files = (
				D5BCC1DD2374982800CCD229 /* SkyEngTestTests.swift in Sources */,
			);
			runOnlyForDeploymentPostprocessing = 0;
		};
/* End PBXSourcesBuildPhase section */

/* Begin PBXTargetDependency section */
		D5BCC1DA2374982800CCD229 /* PBXTargetDependency */ = {
			isa = PBXTargetDependency;
			target = D5BCC1C12374982600CCD229 /* SkyEngTest */;
			targetProxy = D5BCC1D92374982800CCD229 /* PBXContainerItemProxy */;
		};
/* End PBXTargetDependency section */

/* Begin PBXVariantGroup section */
		D5BCC1CB2374982600CCD229 /* Main.storyboard */ = {
			isa = PBXVariantGroup;
			children = (
				D5BCC1CC2374982600CCD229 /* Base */,
			);
			name = Main.storyboard;
			sourceTree = "<group>";
		};
		D5BCC1D02374982800CCD229 /* LaunchScreen.storyboard */ = {
			isa = PBXVariantGroup;
			children = (
				D5BCC1D12374982800CCD229 /* Base */,
			);
			name = LaunchScreen.storyboard;
			sourceTree = "<group>";
		};
/* End PBXVariantGroup section */

/* Begin XCBuildConfiguration section */
		D5BCC1DF2374982800CCD229 /* Debug */ = {
			isa = XCBuildConfiguration;
			buildSettings = {
				ALWAYS_SEARCH_USER_PATHS = NO;
				CLANG_ANALYZER_NONNULL = YES;
				CLANG_ANALYZER_NUMBER_OBJECT_CONVERSION = YES_AGGRESSIVE;
				CLANG_CXX_LANGUAGE_STANDARD = "gnu++14";
				CLANG_CXX_LIBRARY = "libc++";
				CLANG_ENABLE_MODULES = YES;
				CLANG_ENABLE_OBJC_ARC = YES;
				CLANG_ENABLE_OBJC_WEAK = YES;
				CLANG_WARN_BLOCK_CAPTURE_AUTORELEASING = YES;
				CLANG_WARN_BOOL_CONVERSION = YES;
				CLANG_WARN_COMMA = YES;
				CLANG_WARN_CONSTANT_CONVERSION = YES;
				CLANG_WARN_DEPRECATED_OBJC_IMPLEMENTATIONS = YES;
				CLANG_WARN_DIRECT_OBJC_ISA_USAGE = YES_ERROR;
				CLANG_WARN_DOCUMENTATION_COMMENTS = YES;
				CLANG_WARN_EMPTY_BODY = YES;
				CLANG_WARN_ENUM_CONVERSION = YES;
				CLANG_WARN_INFINITE_RECURSION = YES;
				CLANG_WARN_INT_CONVERSION = YES;
				CLANG_WARN_NON_LITERAL_NULL_CONVERSION = YES;
				CLANG_WARN_OBJC_IMPLICIT_RETAIN_SELF = YES;
				CLANG_WARN_OBJC_LITERAL_CONVERSION = YES;
				CLANG_WARN_OBJC_ROOT_CLASS = YES_ERROR;
				CLANG_WARN_RANGE_LOOP_ANALYSIS = YES;
				CLANG_WARN_STRICT_PROTOTYPES = YES;
				CLANG_WARN_SUSPICIOUS_MOVE = YES;
				CLANG_WARN_UNGUARDED_AVAILABILITY = YES_AGGRESSIVE;
				CLANG_WARN_UNREACHABLE_CODE = YES;
				CLANG_WARN__DUPLICATE_METHOD_MATCH = YES;
				COPY_PHASE_STRIP = NO;
				DEBUG_INFORMATION_FORMAT = dwarf;
				ENABLE_STRICT_OBJC_MSGSEND = YES;
				ENABLE_TESTABILITY = YES;
				GCC_C_LANGUAGE_STANDARD = gnu11;
				GCC_DYNAMIC_NO_PIC = NO;
				GCC_NO_COMMON_BLOCKS = YES;
				GCC_OPTIMIZATION_LEVEL = 0;
				GCC_PREPROCESSOR_DEFINITIONS = (
					"DEBUG=1",
					"$(inherited)",
				);
				GCC_WARN_64_TO_32_BIT_CONVERSION = YES;
				GCC_WARN_ABOUT_RETURN_TYPE = YES_ERROR;
				GCC_WARN_UNDECLARED_SELECTOR = YES;
				GCC_WARN_UNINITIALIZED_AUTOS = YES_AGGRESSIVE;
				GCC_WARN_UNUSED_FUNCTION = YES;
				GCC_WARN_UNUSED_VARIABLE = YES;
				IPHONEOS_DEPLOYMENT_TARGET = 13.1;
				MTL_ENABLE_DEBUG_INFO = INCLUDE_SOURCE;
				MTL_FAST_MATH = YES;
				ONLY_ACTIVE_ARCH = YES;
				SDKROOT = iphoneos;
				SWIFT_ACTIVE_COMPILATION_CONDITIONS = DEBUG;
				SWIFT_OPTIMIZATION_LEVEL = "-Onone";
			};
			name = Debug;
		};
		D5BCC1E02374982800CCD229 /* Release */ = {
			isa = XCBuildConfiguration;
			buildSettings = {
				ALWAYS_SEARCH_USER_PATHS = NO;
				CLANG_ANALYZER_NONNULL = YES;
				CLANG_ANALYZER_NUMBER_OBJECT_CONVERSION = YES_AGGRESSIVE;
				CLANG_CXX_LANGUAGE_STANDARD = "gnu++14";
				CLANG_CXX_LIBRARY = "libc++";
				CLANG_ENABLE_MODULES = YES;
				CLANG_ENABLE_OBJC_ARC = YES;
				CLANG_ENABLE_OBJC_WEAK = YES;
				CLANG_WARN_BLOCK_CAPTURE_AUTORELEASING = YES;
				CLANG_WARN_BOOL_CONVERSION = YES;
				CLANG_WARN_COMMA = YES;
				CLANG_WARN_CONSTANT_CONVERSION = YES;
				CLANG_WARN_DEPRECATED_OBJC_IMPLEMENTATIONS = YES;
				CLANG_WARN_DIRECT_OBJC_ISA_USAGE = YES_ERROR;
				CLANG_WARN_DOCUMENTATION_COMMENTS = YES;
				CLANG_WARN_EMPTY_BODY = YES;
				CLANG_WARN_ENUM_CONVERSION = YES;
				CLANG_WARN_INFINITE_RECURSION = YES;
				CLANG_WARN_INT_CONVERSION = YES;
				CLANG_WARN_NON_LITERAL_NULL_CONVERSION = YES;
				CLANG_WARN_OBJC_IMPLICIT_RETAIN_SELF = YES;
				CLANG_WARN_OBJC_LITERAL_CONVERSION = YES;
				CLANG_WARN_OBJC_ROOT_CLASS = YES_ERROR;
				CLANG_WARN_RANGE_LOOP_ANALYSIS = YES;
				CLANG_WARN_STRICT_PROTOTYPES = YES;
				CLANG_WARN_SUSPICIOUS_MOVE = YES;
				CLANG_WARN_UNGUARDED_AVAILABILITY = YES_AGGRESSIVE;
				CLANG_WARN_UNREACHABLE_CODE = YES;
				CLANG_WARN__DUPLICATE_METHOD_MATCH = YES;
				COPY_PHASE_STRIP = NO;
				DEBUG_INFORMATION_FORMAT = "dwarf-with-dsym";
				ENABLE_NS_ASSERTIONS = NO;
				ENABLE_STRICT_OBJC_MSGSEND = YES;
				GCC_C_LANGUAGE_STANDARD = gnu11;
				GCC_NO_COMMON_BLOCKS = YES;
				GCC_WARN_64_TO_32_BIT_CONVERSION = YES;
				GCC_WARN_ABOUT_RETURN_TYPE = YES_ERROR;
				GCC_WARN_UNDECLARED_SELECTOR = YES;
				GCC_WARN_UNINITIALIZED_AUTOS = YES_AGGRESSIVE;
				GCC_WARN_UNUSED_FUNCTION = YES;
				GCC_WARN_UNUSED_VARIABLE = YES;
				IPHONEOS_DEPLOYMENT_TARGET = 13.1;
				MTL_ENABLE_DEBUG_INFO = NO;
				MTL_FAST_MATH = YES;
				SDKROOT = iphoneos;
				SWIFT_COMPILATION_MODE = wholemodule;
				SWIFT_OPTIMIZATION_LEVEL = "-O";
				VALIDATE_PRODUCT = YES;
			};
			name = Release;
		};
		D5BCC1E22374982800CCD229 /* Debug */ = {
			isa = XCBuildConfiguration;
			buildSettings = {
				ASSETCATALOG_COMPILER_APPICON_NAME = AppIcon;
				CODE_SIGN_STYLE = Automatic;
				DEVELOPMENT_TEAM = FQ7K4U7H8T;
				INFOPLIST_FILE = SkyEngTest/Info.plist;
				LD_RUNPATH_SEARCH_PATHS = (
					"$(inherited)",
					"@executable_path/Frameworks",
				);
				PRODUCT_BUNDLE_IDENTIFIER = com.spacedema.SkyEngTest;
				PRODUCT_NAME = "$(TARGET_NAME)";
				SWIFT_VERSION = 5.0;
				TARGETED_DEVICE_FAMILY = "1,2";
			};
			name = Debug;
		};
		D5BCC1E32374982800CCD229 /* Release */ = {
			isa = XCBuildConfiguration;
			buildSettings = {
				ASSETCATALOG_COMPILER_APPICON_NAME = AppIcon;
				CODE_SIGN_STYLE = Automatic;
				DEVELOPMENT_TEAM = FQ7K4U7H8T;
				INFOPLIST_FILE = SkyEngTest/Info.plist;
				LD_RUNPATH_SEARCH_PATHS = (
					"$(inherited)",
					"@executable_path/Frameworks",
				);
				PRODUCT_BUNDLE_IDENTIFIER = com.spacedema.SkyEngTest;
				PRODUCT_NAME = "$(TARGET_NAME)";
				SWIFT_VERSION = 5.0;
				TARGETED_DEVICE_FAMILY = "1,2";
			};
			name = Release;
		};
		D5BCC1E52374982800CCD229 /* Debug */ = {
			isa = XCBuildConfiguration;
			buildSettings = {
				ALWAYS_EMBED_SWIFT_STANDARD_LIBRARIES = YES;
				BUNDLE_LOADER = "$(TEST_HOST)";
				CODE_SIGN_STYLE = Automatic;
				DEVELOPMENT_TEAM = FQ7K4U7H8T;
				INFOPLIST_FILE = SkyEngTestTests/Info.plist;
				IPHONEOS_DEPLOYMENT_TARGET = 13.1;
				LD_RUNPATH_SEARCH_PATHS = (
					"$(inherited)",
					"@executable_path/Frameworks",
					"@loader_path/Frameworks",
				);
				PRODUCT_BUNDLE_IDENTIFIER = com.spacedema.SkyEngTestTests;
				PRODUCT_NAME = "$(TARGET_NAME)";
				SWIFT_VERSION = 5.0;
				TARGETED_DEVICE_FAMILY = "1,2";
				TEST_HOST = "$(BUILT_PRODUCTS_DIR)/SkyEngTest.app/SkyEngTest";
			};
			name = Debug;
		};
		D5BCC1E62374982800CCD229 /* Release */ = {
			isa = XCBuildConfiguration;
			buildSettings = {
				ALWAYS_EMBED_SWIFT_STANDARD_LIBRARIES = YES;
				BUNDLE_LOADER = "$(TEST_HOST)";
				CODE_SIGN_STYLE = Automatic;
				DEVELOPMENT_TEAM = FQ7K4U7H8T;
				INFOPLIST_FILE = SkyEngTestTests/Info.plist;
				IPHONEOS_DEPLOYMENT_TARGET = 13.1;
				LD_RUNPATH_SEARCH_PATHS = (
					"$(inherited)",
					"@executable_path/Frameworks",
					"@loader_path/Frameworks",
				);
				PRODUCT_BUNDLE_IDENTIFIER = com.spacedema.SkyEngTestTests;
				PRODUCT_NAME = "$(TARGET_NAME)";
				SWIFT_VERSION = 5.0;
				TARGETED_DEVICE_FAMILY = "1,2";
				TEST_HOST = "$(BUILT_PRODUCTS_DIR)/SkyEngTest.app/SkyEngTest";
			};
			name = Release;
		};
/* End XCBuildConfiguration section */

/* Begin XCConfigurationList section */
		D5BCC1BD2374982600CCD229 /* Build configuration list for PBXProject "SkyEngTest" */ = {
			isa = XCConfigurationList;
			buildConfigurations = (
				D5BCC1DF2374982800CCD229 /* Debug */,
				D5BCC1E02374982800CCD229 /* Release */,
			);
			defaultConfigurationIsVisible = 0;
			defaultConfigurationName = Release;
		};
		D5BCC1E12374982800CCD229 /* Build configuration list for PBXNativeTarget "SkyEngTest" */ = {
			isa = XCConfigurationList;
			buildConfigurations = (
				D5BCC1E22374982800CCD229 /* Debug */,
				D5BCC1E32374982800CCD229 /* Release */,
			);
			defaultConfigurationIsVisible = 0;
			defaultConfigurationName = Release;
		};
		D5BCC1E42374982800CCD229 /* Build configuration list for PBXNativeTarget "SkyEngTestTests" */ = {
			isa = XCConfigurationList;
			buildConfigurations = (
				D5BCC1E52374982800CCD229 /* Debug */,
				D5BCC1E62374982800CCD229 /* Release */,
			);
			defaultConfigurationIsVisible = 0;
			defaultConfigurationName = Release;
		};
/* End XCConfigurationList section */
	};
	rootObject = D5BCC1BA2374982600CCD229 /* Project object */;
}
